// !$*UTF8*$!
{
	archiveVersion = 1;
	classes = {
	};
	objectVersion = 55;
	objects = {

/* Begin PBXBuildFile section */
		6381FF9E277D0BE900EF27B0 /* iosApp.swift in Sources */ = {isa = PBXBuildFile; fileRef = 6381FF9D277D0BE900EF27B0 /* iosApp.swift */; };
		6381FFA0277D0BE900EF27B0 /* ContentView.swift in Sources */ = {isa = PBXBuildFile; fileRef = 6381FF9F277D0BE900EF27B0 /* ContentView.swift */; };
		6381FFA2277D0BEC00EF27B0 /* Assets.xcassets in Resources */ = {isa = PBXBuildFile; fileRef = 6381FFA1277D0BEC00EF27B0 /* Assets.xcassets */; };
		6381FFA5277D0BEC00EF27B0 /* Preview Assets.xcassets in Resources */ = {isa = PBXBuildFile; fileRef = 6381FFA4277D0BEC00EF27B0 /* Preview Assets.xcassets */; };
		6381FFAD277D0E1200EF27B0 /* GoogleService-Info.plist in Resources */ = {isa = PBXBuildFile; fileRef = 6381FFAB277D0E1200EF27B0 /* GoogleService-Info.plist */; };
		6381FFAE277D0E1200EF27B0 /* AppDelegate.swift in Sources */ = {isa = PBXBuildFile; fileRef = 6381FFAC277D0E1200EF27B0 /* AppDelegate.swift */; };
		E3B345D7F7CB0D13E629AF26 /* Pods_ios.framework in Frameworks */ = {isa = PBXBuildFile; fileRef = 091D28CBC7DE88C8F19D392C /* Pods_ios.framework */; };
/* End PBXBuildFile section */

/* Begin PBXFileReference section */
		091D28CBC7DE88C8F19D392C /* Pods_ios.framework */ = {isa = PBXFileReference; explicitFileType = wrapper.framework; includeInIndex = 0; path = Pods_ios.framework; sourceTree = BUILT_PRODUCTS_DIR; };
		405382DDAE0F912DC3FF8AE5 /* Pods-ios.release.xcconfig */ = {isa = PBXFileReference; includeInIndex = 1; lastKnownFileType = text.xcconfig; name = "Pods-ios.release.xcconfig"; path = "Target Support Files/Pods-ios/Pods-ios.release.xcconfig"; sourceTree = "<group>"; };
		6381FF9A277D0BE900EF27B0 /* ios.app */ = {isa = PBXFileReference; explicitFileType = wrapper.application; includeInIndex = 0; path = ios.app; sourceTree = BUILT_PRODUCTS_DIR; };
		6381FF9D277D0BE900EF27B0 /* iosApp.swift */ = {isa = PBXFileReference; lastKnownFileType = sourcecode.swift; path = iosApp.swift; sourceTree = "<group>"; };
		6381FF9F277D0BE900EF27B0 /* ContentView.swift */ = {isa = PBXFileReference; lastKnownFileType = sourcecode.swift; path = ContentView.swift; sourceTree = "<group>"; };
		6381FFA1277D0BEC00EF27B0 /* Assets.xcassets */ = {isa = PBXFileReference; lastKnownFileType = folder.assetcatalog; path = Assets.xcassets; sourceTree = "<group>"; };
		6381FFA4277D0BEC00EF27B0 /* Preview Assets.xcassets */ = {isa = PBXFileReference; lastKnownFileType = folder.assetcatalog; path = "Preview Assets.xcassets"; sourceTree = "<group>"; };
		6381FFAB277D0E1200EF27B0 /* GoogleService-Info.plist */ = {isa = PBXFileReference; fileEncoding = 4; lastKnownFileType = text.plist.xml; path = "GoogleService-Info.plist"; sourceTree = "<group>"; };
		6381FFAC277D0E1200EF27B0 /* AppDelegate.swift */ = {isa = PBXFileReference; fileEncoding = 4; lastKnownFileType = sourcecode.swift; path = AppDelegate.swift; sourceTree = "<group>"; };
		BB62DCDD1B787390B57E1E4C /* Pods-ios.debug.xcconfig */ = {isa = PBXFileReference; includeInIndex = 1; lastKnownFileType = text.xcconfig; name = "Pods-ios.debug.xcconfig"; path = "Target Support Files/Pods-ios/Pods-ios.debug.xcconfig"; sourceTree = "<group>"; };
/* End PBXFileReference section */

/* Begin PBXFrameworksBuildPhase section */
		6381FF97277D0BE900EF27B0 /* Frameworks */ = {
			isa = PBXFrameworksBuildPhase;
			buildActionMask = 2147483647;
			files = (
				E3B345D7F7CB0D13E629AF26 /* Pods_ios.framework in Frameworks */,
			);
			runOnlyForDeploymentPostprocessing = 0;
		};
/* End PBXFrameworksBuildPhase section */

/* Begin PBXGroup section */
		49A71BEE2A96A888E85A2092 /* Frameworks */ = {
			isa = PBXGroup;
			children = (
				091D28CBC7DE88C8F19D392C /* Pods_ios.framework */,
			);
			name = Frameworks;
			sourceTree = "<group>";
		};
		57FACC08B222F92CCEF68F9D /* Pods */ = {
			isa = PBXGroup;
			children = (
				BB62DCDD1B787390B57E1E4C /* Pods-ios.debug.xcconfig */,
				405382DDAE0F912DC3FF8AE5 /* Pods-ios.release.xcconfig */,
			);
			path = Pods;
			sourceTree = "<group>";
		};
		6381FF91277D0BE900EF27B0 = {
			isa = PBXGroup;
			children = (
				6381FF9C277D0BE900EF27B0 /* ios */,
				6381FF9B277D0BE900EF27B0 /* Products */,
				57FACC08B222F92CCEF68F9D /* Pods */,
				49A71BEE2A96A888E85A2092 /* Frameworks */,
			);
			sourceTree = "<group>";
		};
		6381FF9B277D0BE900EF27B0 /* Products */ = {
			isa = PBXGroup;
			children = (
				6381FF9A277D0BE900EF27B0 /* ios.app */,
			);
			name = Products;
			sourceTree = "<group>";
		};
		6381FF9C277D0BE900EF27B0 /* ios */ = {
			isa = PBXGroup;
			children = (
				6381FFAC277D0E1200EF27B0 /* AppDelegate.swift */,
				6381FFAB277D0E1200EF27B0 /* GoogleService-Info.plist */,
				6381FF9D277D0BE900EF27B0 /* iosApp.swift */,
				6381FF9F277D0BE900EF27B0 /* ContentView.swift */,
				6381FFA1277D0BEC00EF27B0 /* Assets.xcassets */,
				6381FFA3277D0BEC00EF27B0 /* Preview Content */,
			);
			path = ios;
			sourceTree = "<group>";
		};
		6381FFA3277D0BEC00EF27B0 /* Preview Content */ = {
			isa = PBXGroup;
			children = (
				6381FFA4277D0BEC00EF27B0 /* Preview Assets.xcassets */,
			);
			path = "Preview Content";
			sourceTree = "<group>";
		};
/* End PBXGroup section */

/* Begin PBXNativeTarget section */
		6381FF99277D0BE900EF27B0 /* ios */ = {
			isa = PBXNativeTarget;
			buildConfigurationList = 6381FFA8277D0BEC00EF27B0 /* Build configuration list for PBXNativeTarget "ios" */;
			buildPhases = (
				1FA908E0CC375ABAF0A13713 /* [CP] Check Pods Manifest.lock */,
				6381FF96277D0BE900EF27B0 /* Sources */,
				6381FF97277D0BE900EF27B0 /* Frameworks */,
				6381FF98277D0BE900EF27B0 /* Resources */,
				6755B982E6A25ABA23A6DDB7 /* [CP] Embed Pods Frameworks */,
				6381FFAF277D0F0500EF27B0 /* ShellScript */,
			);
			buildRules = (
			);
			dependencies = (
			);
			name = ios;
			productName = ios;
			productReference = 6381FF9A277D0BE900EF27B0 /* ios.app */;
			productType = "com.apple.product-type.application";
		};
/* End PBXNativeTarget section */

/* Begin PBXProject section */
		6381FF92277D0BE900EF27B0 /* Project object */ = {
			isa = PBXProject;
			attributes = {
				BuildIndependentTargetsInParallel = 1;
				LastSwiftUpdateCheck = 1300;
				LastUpgradeCheck = 1300;
				TargetAttributes = {
					6381FF99277D0BE900EF27B0 = {
						CreatedOnToolsVersion = 13.0;
					};
				};
			};
			buildConfigurationList = 6381FF95277D0BE900EF27B0 /* Build configuration list for PBXProject "ios" */;
			compatibilityVersion = "Xcode 13.0";
			developmentRegion = en;
			hasScannedForEncodings = 0;
			knownRegions = (
				en,
				Base,
			);
			mainGroup = 6381FF91277D0BE900EF27B0;
			productRefGroup = 6381FF9B277D0BE900EF27B0 /* Products */;
			projectDirPath = "";
			projectRoot = "";
			targets = (
				6381FF99277D0BE900EF27B0 /* ios */,
			);
		};
/* End PBXProject section */

/* Begin PBXResourcesBuildPhase section */
		6381FF98277D0BE900EF27B0 /* Resources */ = {
			isa = PBXResourcesBuildPhase;
			buildActionMask = 2147483647;
			files = (
				6381FFA5277D0BEC00EF27B0 /* Preview Assets.xcassets in Resources */,
				6381FFA2277D0BEC00EF27B0 /* Assets.xcassets in Resources */,
				6381FFAD277D0E1200EF27B0 /* GoogleService-Info.plist in Resources */,
			);
			runOnlyForDeploymentPostprocessing = 0;
		};
/* End PBXResourcesBuildPhase section */

/* Begin PBXShellScriptBuildPhase section */
		1FA908E0CC375ABAF0A13713 /* [CP] Check Pods Manifest.lock */ = {
			isa = PBXShellScriptBuildPhase;
			buildActionMask = 2147483647;
			files = (
			);
			inputFileListPaths = (
			);
			inputPaths = (
				"${PODS_PODFILE_DIR_PATH}/Podfile.lock",
				"${PODS_ROOT}/Manifest.lock",
			);
			name = "[CP] Check Pods Manifest.lock";
			outputFileListPaths = (
			);
			outputPaths = (
				"$(DERIVED_FILE_DIR)/Pods-ios-checkManifestLockResult.txt",
			);
			runOnlyForDeploymentPostprocessing = 0;
			shellPath = /bin/sh;
			shellScript = "diff \"${PODS_PODFILE_DIR_PATH}/Podfile.lock\" \"${PODS_ROOT}/Manifest.lock\" > /dev/null\nif [ $? != 0 ] ; then\n    # print error to STDERR\n    echo \"error: The sandbox is not in sync with the Podfile.lock. Run 'pod install' or update your CocoaPods installation.\" >&2\n    exit 1\nfi\n# This output is used by Xcode 'outputs' to avoid re-running this script phase.\necho \"SUCCESS\" > \"${SCRIPT_OUTPUT_FILE_0}\"\n";
			showEnvVarsInLog = 0;
		};
		6381FFAF277D0F0500EF27B0 /* ShellScript */ = {
			isa = PBXShellScriptBuildPhase;
			buildActionMask = 2147483647;
			files = (
			);
			inputFileListPaths = (
			);
			inputPaths = (
				"${DWARF_DSYM_FOLDER_PATH}/${DWARF_DSYM_FILE_NAME}/Contents/Resources/DWARF/${TARGET_NAME}",
				"$(SRCROOT)/$(BUILT_PRODUCTS_DIR)/$(INFOPLIST_PATH)",
			);
			outputFileListPaths = (
			);
			outputPaths = (
			);
			runOnlyForDeploymentPostprocessing = 0;
			shellPath = /bin/sh;
			shellScript = "\"${PODS_ROOT}/FirebaseCrashlytics/run\"\n";
		};
		6755B982E6A25ABA23A6DDB7 /* [CP] Embed Pods Frameworks */ = {
			isa = PBXShellScriptBuildPhase;
			buildActionMask = 2147483647;
			files = (
			);
			inputFileListPaths = (
				"${PODS_ROOT}/Target Support Files/Pods-ios/Pods-ios-frameworks-${CONFIGURATION}-input-files.xcfilelist",
			);
			name = "[CP] Embed Pods Frameworks";
			outputFileListPaths = (
				"${PODS_ROOT}/Target Support Files/Pods-ios/Pods-ios-frameworks-${CONFIGURATION}-output-files.xcfilelist",
			);
			runOnlyForDeploymentPostprocessing = 0;
			shellPath = /bin/sh;
			shellScript = "\"${PODS_ROOT}/Target Support Files/Pods-ios/Pods-ios-frameworks.sh\"\n";
			showEnvVarsInLog = 0;
		};
/* End PBXShellScriptBuildPhase section */

/* Begin PBXSourcesBuildPhase section */
		6381FF96277D0BE900EF27B0 /* Sources */ = {
			isa = PBXSourcesBuildPhase;
			buildActionMask = 2147483647;
			files = (
				6381FFAE277D0E1200EF27B0 /* AppDelegate.swift in Sources */,
				6381FFA0277D0BE900EF27B0 /* ContentView.swift in Sources */,
				6381FF9E277D0BE900EF27B0 /* iosApp.swift in Sources */,
			);
			runOnlyForDeploymentPostprocessing = 0;
		};
/* End PBXSourcesBuildPhase section */

/* Begin XCBuildConfiguration section */
		6381FFA6277D0BEC00EF27B0 /* Debug */ = {
			isa = XCBuildConfiguration;
			buildSettings = {
				ALWAYS_SEARCH_USER_PATHS = NO;
				CLANG_ANALYZER_NONNULL = YES;
				CLANG_ANALYZER_NUMBER_OBJECT_CONVERSION = YES_AGGRESSIVE;
				CLANG_CXX_LANGUAGE_STANDARD = "gnu++17";
				CLANG_CXX_LIBRARY = "libc++";
				CLANG_ENABLE_MODULES = YES;
				CLANG_ENABLE_OBJC_ARC = YES;
				CLANG_ENABLE_OBJC_WEAK = YES;
				CLANG_WARN_BLOCK_CAPTURE_AUTORELEASING = YES;
				CLANG_WARN_BOOL_CONVERSION = YES;
				CLANG_WARN_COMMA = YES;
				CLANG_WARN_CONSTANT_CONVERSION = YES;
				CLANG_WARN_DEPRECATED_OBJC_IMPLEMENTATIONS = YES;
				CLANG_WARN_DIRECT_OBJC_ISA_USAGE = YES_ERROR;
				CLANG_WARN_DOCUMENTATION_COMMENTS = YES;
				CLANG_WARN_EMPTY_BODY = YES;
				CLANG_WARN_ENUM_CONVERSION = YES;
				CLANG_WARN_INFINITE_RECURSION = YES;
				CLANG_WARN_INT_CONVERSION = YES;
				CLANG_WARN_NON_LITERAL_NULL_CONVERSION = YES;
				CLANG_WARN_OBJC_IMPLICIT_RETAIN_SELF = YES;
				CLANG_WARN_OBJC_LITERAL_CONVERSION = YES;
				CLANG_WARN_OBJC_ROOT_CLASS = YES_ERROR;
				CLANG_WARN_QUOTED_INCLUDE_IN_FRAMEWORK_HEADER = YES;
				CLANG_WARN_RANGE_LOOP_ANALYSIS = YES;
				CLANG_WARN_STRICT_PROTOTYPES = YES;
				CLANG_WARN_SUSPICIOUS_MOVE = YES;
				CLANG_WARN_UNGUARDED_AVAILABILITY = YES_AGGRESSIVE;
				CLANG_WARN_UNREACHABLE_CODE = YES;
				CLANG_WARN__DUPLICATE_METHOD_MATCH = YES;
				COPY_PHASE_STRIP = NO;
				DEBUG_INFORMATION_FORMAT = dwarf;
				ENABLE_STRICT_OBJC_MSGSEND = YES;
				ENABLE_TESTABILITY = YES;
				GCC_C_LANGUAGE_STANDARD = gnu11;
				GCC_DYNAMIC_NO_PIC = NO;
				GCC_NO_COMMON_BLOCKS = YES;
				GCC_OPTIMIZATION_LEVEL = 0;
				GCC_PREPROCESSOR_DEFINITIONS = (
					"DEBUG=1",
					"$(inherited)",
				);
				GCC_WARN_64_TO_32_BIT_CONVERSION = YES;
				GCC_WARN_ABOUT_RETURN_TYPE = YES_ERROR;
				GCC_WARN_UNDECLARED_SELECTOR = YES;
				GCC_WARN_UNINITIALIZED_AUTOS = YES_AGGRESSIVE;
				GCC_WARN_UNUSED_FUNCTION = YES;
				GCC_WARN_UNUSED_VARIABLE = YES;
				IPHONEOS_DEPLOYMENT_TARGET = 15.0;
				MTL_ENABLE_DEBUG_INFO = INCLUDE_SOURCE;
				MTL_FAST_MATH = YES;
				ONLY_ACTIVE_ARCH = YES;
				SDKROOT = iphoneos;
				SWIFT_ACTIVE_COMPILATION_CONDITIONS = DEBUG;
				SWIFT_OPTIMIZATION_LEVEL = "-Onone";
			};
			name = Debug;
		};
		6381FFA7277D0BEC00EF27B0 /* Release */ = {
			isa = XCBuildConfiguration;
			buildSettings = {
				ALWAYS_SEARCH_USER_PATHS = NO;
				CLANG_ANALYZER_NONNULL = YES;
				CLANG_ANALYZER_NUMBER_OBJECT_CONVERSION = YES_AGGRESSIVE;
				CLANG_CXX_LANGUAGE_STANDARD = "gnu++17";
				CLANG_CXX_LIBRARY = "libc++";
				CLANG_ENABLE_MODULES = YES;
				CLANG_ENABLE_OBJC_ARC = YES;
				CLANG_ENABLE_OBJC_WEAK = YES;
				CLANG_WARN_BLOCK_CAPTURE_AUTORELEASING = YES;
				CLANG_WARN_BOOL_CONVERSION = YES;
				CLANG_WARN_COMMA = YES;
				CLANG_WARN_CONSTANT_CONVERSION = YES;
				CLANG_WARN_DEPRECATED_OBJC_IMPLEMENTATIONS = YES;
				CLANG_WARN_DIRECT_OBJC_ISA_USAGE = YES_ERROR;
				CLANG_WARN_DOCUMENTATION_COMMENTS = YES;
				CLANG_WARN_EMPTY_BODY = YES;
				CLANG_WARN_ENUM_CONVERSION = YES;
				CLANG_WARN_INFINITE_RECURSION = YES;
				CLANG_WARN_INT_CONVERSION = YES;
				CLANG_WARN_NON_LITERAL_NULL_CONVERSION = YES;
				CLANG_WARN_OBJC_IMPLICIT_RETAIN_SELF = YES;
				CLANG_WARN_OBJC_LITERAL_CONVERSION = YES;
				CLANG_WARN_OBJC_ROOT_CLASS = YES_ERROR;
				CLANG_WARN_QUOTED_INCLUDE_IN_FRAMEWORK_HEADER = YES;
				CLANG_WARN_RANGE_LOOP_ANALYSIS = YES;
				CLANG_WARN_STRICT_PROTOTYPES = YES;
				CLANG_WARN_SUSPICIOUS_MOVE = YES;
				CLANG_WARN_UNGUARDED_AVAILABILITY = YES_AGGRESSIVE;
				CLANG_WARN_UNREACHABLE_CODE = YES;
				CLANG_WARN__DUPLICATE_METHOD_MATCH = YES;
				COPY_PHASE_STRIP = NO;
				DEBUG_INFORMATION_FORMAT = "dwarf-with-dsym";
				ENABLE_NS_ASSERTIONS = NO;
				ENABLE_STRICT_OBJC_MSGSEND = YES;
				GCC_C_LANGUAGE_STANDARD = gnu11;
				GCC_NO_COMMON_BLOCKS = YES;
				GCC_WARN_64_TO_32_BIT_CONVERSION = YES;
				GCC_WARN_ABOUT_RETURN_TYPE = YES_ERROR;
				GCC_WARN_UNDECLARED_SELECTOR = YES;
				GCC_WARN_UNINITIALIZED_AUTOS = YES_AGGRESSIVE;
				GCC_WARN_UNUSED_FUNCTION = YES;
				GCC_WARN_UNUSED_VARIABLE = YES;
				IPHONEOS_DEPLOYMENT_TARGET = 15.0;
				MTL_ENABLE_DEBUG_INFO = NO;
				MTL_FAST_MATH = YES;
				SDKROOT = iphoneos;
				SWIFT_COMPILATION_MODE = wholemodule;
				SWIFT_OPTIMIZATION_LEVEL = "-O";
				VALIDATE_PRODUCT = YES;
			};
			name = Release;
		};
		6381FFA9277D0BEC00EF27B0 /* Debug */ = {
			isa = XCBuildConfiguration;
			baseConfigurationReference = BB62DCDD1B787390B57E1E4C /* Pods-ios.debug.xcconfig */;
			buildSettings = {
				ASSETCATALOG_COMPILER_APPICON_NAME = AppIcon;
				ASSETCATALOG_COMPILER_GLOBAL_ACCENT_COLOR_NAME = AccentColor;
				CODE_SIGN_STYLE = Automatic;
				CURRENT_PROJECT_VERSION = 00101;
				DEBUG_INFORMATION_FORMAT = "dwarf-with-dsym";
				DEVELOPMENT_ASSET_PATHS = "\"ios/Preview Content\"";
				DEVELOPMENT_TEAM = 8UD86646U9;
				ENABLE_BITCODE = NO;
				ENABLE_PREVIEWS = YES;
				GENERATE_INFOPLIST_FILE = YES;
				INFOPLIST_KEY_UIApplicationSceneManifest_Generation = YES;
				INFOPLIST_KEY_UIApplicationSupportsIndirectInputEvents = YES;
				INFOPLIST_KEY_UILaunchScreen_Generation = YES;
				INFOPLIST_KEY_UISupportedInterfaceOrientations_iPad = "UIInterfaceOrientationPortrait UIInterfaceOrientationPortraitUpsideDown UIInterfaceOrientationLandscapeLeft UIInterfaceOrientationLandscapeRight";
				INFOPLIST_KEY_UISupportedInterfaceOrientations_iPhone = "UIInterfaceOrientationPortrait UIInterfaceOrientationLandscapeLeft UIInterfaceOrientationLandscapeRight";
				IPHONEOS_DEPLOYMENT_TARGET = 14.0;
				LD_RUNPATH_SEARCH_PATHS = (
					"$(inherited)",
					"@executable_path/Frameworks",
				);
				MARKETING_VERSION = 0.1.1;
				PRODUCT_BUNDLE_IDENTIFIER = co.touchlab.kermit.dynamic.ios;
				PRODUCT_NAME = "$(TARGET_NAME)";
				SWIFT_EMIT_LOC_STRINGS = YES;
				SWIFT_VERSION = 5.0;
				TARGETED_DEVICE_FAMILY = "1,2";
			};
			name = Debug;
		};
		6381FFAA277D0BEC00EF27B0 /* Release */ = {
			isa = XCBuildConfiguration;
			baseConfigurationReference = 405382DDAE0F912DC3FF8AE5 /* Pods-ios.release.xcconfig */;
			buildSettings = {
				ASSETCATALOG_COMPILER_APPICON_NAME = AppIcon;
				ASSETCATALOG_COMPILER_GLOBAL_ACCENT_COLOR_NAME = AccentColor;
				CODE_SIGN_STYLE = Automatic;
				CURRENT_PROJECT_VERSION = 00101;
				DEVELOPMENT_ASSET_PATHS = "\"ios/Preview Content\"";
				DEVELOPMENT_TEAM = 8UD86646U9;
				ENABLE_BITCODE = NO;
				ENABLE_PREVIEWS = YES;
				GENERATE_INFOPLIST_FILE = YES;
				INFOPLIST_KEY_UIApplicationSceneManifest_Generation = YES;
				INFOPLIST_KEY_UIApplicationSupportsIndirectInputEvents = YES;
				INFOPLIST_KEY_UILaunchScreen_Generation = YES;
				INFOPLIST_KEY_UISupportedInterfaceOrientations_iPad = "UIInterfaceOrientationPortrait UIInterfaceOrientationPortraitUpsideDown UIInterfaceOrientationLandscapeLeft UIInterfaceOrientationLandscapeRight";
				INFOPLIST_KEY_UISupportedInterfaceOrientations_iPhone = "UIInterfaceOrientationPortrait UIInterfaceOrientationLandscapeLeft UIInterfaceOrientationLandscapeRight";
				IPHONEOS_DEPLOYMENT_TARGET = 14.0;
				LD_RUNPATH_SEARCH_PATHS = (
					"$(inherited)",
					"@executable_path/Frameworks",
				);
				MARKETING_VERSION = 0.1.1;
				PRODUCT_BUNDLE_IDENTIFIER = co.touchlab.kermit.dynamic.ios;
				PRODUCT_NAME = "$(TARGET_NAME)";
				SWIFT_EMIT_LOC_STRINGS = YES;
				SWIFT_VERSION = 5.0;
				TARGETED_DEVICE_FAMILY = "1,2";
			};
			name = Release;
		};
/* End XCBuildConfiguration section */

/* Begin XCConfigurationList section */
		6381FF95277D0BE900EF27B0 /* Build configuration list for PBXProject "ios" */ = {
			isa = XCConfigurationList;
			buildConfigurations = (
				6381FFA6277D0BEC00EF27B0 /* Debug */,
				6381FFA7277D0BEC00EF27B0 /* Release */,
			);
			defaultConfigurationIsVisible = 0;
			defaultConfigurationName = Release;
		};
		6381FFA8277D0BEC00EF27B0 /* Build configuration list for PBXNativeTarget "ios" */ = {
			isa = XCConfigurationList;
			buildConfigurations = (
				6381FFA9277D0BEC00EF27B0 /* Debug */,
				6381FFAA277D0BEC00EF27B0 /* Release */,
			);
			defaultConfigurationIsVisible = 0;
			defaultConfigurationName = Release;
		};
/* End XCConfigurationList section */
	};
	rootObject = 6381FF92277D0BE900EF27B0 /* Project object */;
}
