PODS:
  - Sentry (7.9.0):
    - Sentry/Core (= 7.9.0)
  - Sentry/Core (7.9.0)
  - shared (0.1.2)

DEPENDENCIES:
  - Sentry (from `https://github.com/getsentry/sentry-cocoa.git`, tag `7.9.0`)
  - shared (from `../shared`)

EXTERNAL SOURCES:
  Sentry:
    :git: https://github.com/getsentry/sentry-cocoa.git
    :tag: 7.9.0
  shared:
    :path: "../shared"

CHECKOUT OPTIONS:
  Sentry:
    :git: https://github.com/getsentry/sentry-cocoa.git
    :tag: 7.9.0

SPEC CHECKSUMS:
  Sentry: 2f7e91f247cfb05b05bd01e0b5d0692557a7687b
  shared: a02cc79cad84151c536a2557ab105828ff3d39d7

PODFILE CHECKSUM: 78d88e64a218b1f75da9c245088ff33177168f60

COCOAPODS: 1.11.2
