PODS:
  - Bugsnag (6.22.3)
  - shared (0.0.1)

DEPENDENCIES:
  - Bugsnag
  - shared (from `../shared`)

SPEC REPOS:
  trunk:
    - Bugsnag

EXTERNAL SOURCES:
  shared:
    :path: "../shared"

SPEC CHECKSUMS:
  Bugsnag: 17fe7e9fcf60c1877a6a638a77327dce99590991
  shared: 8e848717365854180f04eaaa22301d5d5b5d9df5

PODFILE CHECKSUM: cbaf75f0481dd5982f3e6dc6a1fd7b897c99f50f

COCOAPODS: 1.11.3
