{
  "name": "sample",
  "version": "1.0-SNAPSHOT",
  "lockfileVersion": 3,
  "requires": true,
  "packages": {
    "": {
      "name": "sample",
      "version": "1.0-SNAPSHOT",
      "workspaces": [
        "packages/sample-shared",
        "packages/sample-shared-test",
        "packages/sample-wasm-browser",
        "packages/sample-wasm-browser-test",
        "packages_imported/ktor-ktor-client-core-wasm-js/3.2.3"
      ],
      "devDependencies": {}
    },
    "node_modules/ktor-ktor-client-core-wasm-js": {
      "resolved": "packages_imported/ktor-ktor-client-core-wasm-js/3.2.3",
      "link": true
    },
    "node_modules/sample-shared": {
      "resolved": "packages/sample-shared",
      "link": true
    },
    "node_modules/sample-shared-test": {
      "resolved": "packages/sample-shared-test",
      "link": true
    },
    "node_modules/sample-wasm-browser": {
      "resolved": "packages/sample-wasm-browser",
      "link": true
    },
    "node_modules/sample-wasm-browser-test": {
      "resolved": "packages/sample-wasm-browser-test",
      "link": true
    },
    "packages_imported/ktor-ktor-client-core-wasm-js/3.2.3": {
      "name": "ktor-ktor-client-core-wasm-js",
      "version": "3.2.3",
      "dependencies": {
        "ws": "8.18.0"
      },
      "devDependencies": {}
    },
    "packages_imported/ktor-ktor-client-core-wasm-js/3.2.3/node_modules/ws": {
      "version": "8.18.0",
      "resolved": "https://registry.npmjs.org/ws/-/ws-8.18.0.tgz",
      "integrity": "sha512-8VbfWfHLbbwu3+N6OKsOMpBdT4kXPDDB9cJk2bJ6mh9ucxdlnNvH1e+roYkKmN9Nxw2yjz7VzeO9oOz2zJ04Pw==",
      "engines": {
        "node": ">=10.0.0"
      },
      "peerDependencies": {
        "bufferutil": "^4.0.1",
        "utf-8-validate": ">=5.0.2"
      },
      "peerDependenciesMeta": {
        "bufferutil": {
          "optional": true
        },
        "utf-8-validate": {
          "optional": true
        }
      }
    },
    "packages_imported/ktor-ktor-client-core/3.3.1": {
      "name": "ktor-ktor-client-core",
      "version": "3.3.1",
      "extraneous": true,
      "dependencies": {
        "ws": "8.18.3"
      },
      "devDependencies": {}
    },
    "packages/sample-shared": {
      "version": "0.0.1",
      "dependencies": {
        "ws": "8.18.0"
      },
      "devDependencies": {}
    },
    "packages/sample-shared-test": {
      "version": "0.0.1",
      "dependencies": {
        "ws": "8.18.0"
      },
      "devDependencies": {}
    },
    "packages/sample-shared-test/node_modules/ws": {
      "version": "8.18.0",
      "resolved": "https://registry.npmjs.org/ws/-/ws-8.18.0.tgz",
      "integrity": "sha512-8VbfWfHLbbwu3+N6OKsOMpBdT4kXPDDB9cJk2bJ6mh9ucxdlnNvH1e+roYkKmN9Nxw2yjz7VzeO9oOz2zJ04Pw==",
      "engines": {
        "node": ">=10.0.0"
      },
      "peerDependencies": {
        "bufferutil": "^4.0.1",
        "utf-8-validate": ">=5.0.2"
      },
      "peerDependenciesMeta": {
        "bufferutil": {
          "optional": true
        },
        "utf-8-validate": {
          "optional": true
        }
      }
    },
    "packages/sample-shared/node_modules/ws": {
      "version": "8.18.0",
      "resolved": "https://registry.npmjs.org/ws/-/ws-8.18.0.tgz",
      "integrity": "sha512-8VbfWfHLbbwu3+N6OKsOMpBdT4kXPDDB9cJk2bJ6mh9ucxdlnNvH1e+roYkKmN9Nxw2yjz7VzeO9oOz2zJ04Pw==",
      "engines": {
        "node": ">=10.0.0"
      },
      "peerDependencies": {
        "bufferutil": "^4.0.1",
        "utf-8-validate": ">=5.0.2"
      },
      "peerDependenciesMeta": {
        "bufferutil": {
          "optional": true
        },
        "utf-8-validate": {
          "optional": true
        }
      }
    },
    "packages/sample-wasm-browser": {
      "version": "0.0.0-unspecified",
      "dependencies": {
        "ws": "8.18.0"
      },
      "devDependencies": {}
    },
    "packages/sample-wasm-browser-test": {
      "version": "0.0.0-unspecified",
      "dependencies": {
        "ws": "8.18.0"
      },
      "devDependencies": {}
    },
    "packages/sample-wasm-browser-test/node_modules/ws": {
      "version": "8.18.0",
      "resolved": "https://registry.npmjs.org/ws/-/ws-8.18.0.tgz",
      "integrity": "sha512-8VbfWfHLbbwu3+N6OKsOMpBdT4kXPDDB9cJk2bJ6mh9ucxdlnNvH1e+roYkKmN9Nxw2yjz7VzeO9oOz2zJ04Pw==",
      "engines": {
        "node": ">=10.0.0"
      },
      "peerDependencies": {
        "bufferutil": "^4.0.1",
        "utf-8-validate": ">=5.0.2"
      },
      "peerDependenciesMeta": {
        "bufferutil": {
          "optional": true
        },
        "utf-8-validate": {
          "optional": true
        }
      }
    },
    "packages/sample-wasm-browser/node_modules/ws": {
      "version": "8.18.0",
      "resolved": "https://registry.npmjs.org/ws/-/ws-8.18.0.tgz",
      "integrity": "sha512-8VbfWfHLbbwu3+N6OKsOMpBdT4kXPDDB9cJk2bJ6mh9ucxdlnNvH1e+roYkKmN9Nxw2yjz7VzeO9oOz2zJ04Pw==",
      "engines": {
        "node": ">=10.0.0"
      },
      "peerDependencies": {
        "bufferutil": "^4.0.1",
        "utf-8-validate": ">=5.0.2"
      },
      "peerDependenciesMeta": {
        "bufferutil": {
          "optional": true
        },
        "utf-8-validate": {
          "optional": true
        }
      }
    }
  }
}
