{
  "name": "Kermit",
  "version": "2.0.8",
  "lockfileVersion": 3,
  "requires": true,
  "packages": {
    "": {
      "name": "Kermit",
      "version": "2.0.8",
      "workspaces": [
        "packages/Kermit-kermit",
        "packages/Kermit-kermit-test",
        "packages/Kermit-kermit-core",
        "packages/Kermit-kermit-core-test",
        "packages/Kermit-kermit-koin",
        "packages/Kermit-kermit-koin-test",
        "packages/Kermit-kermit-ktor",
        "packages/Kermit-kermit-ktor-test",
        "packages/Kermit-kermit-simple",
        "packages/Kermit-kermit-simple-test",
        "packages/Kermit-kermit-test",
        "packages/Kermit-kermit-test-test",
        "packages_imported/ktor-ktor-client-core-wasm-js/3.2.3"
      ],
      "devDependencies": {}
    },
    "node_modules/Kermit-kermit": {
      "resolved": "packages/Kermit-kermit",
      "link": true
    },
    "node_modules/Kermit-kermit-core": {
      "resolved": "packages/Kermit-kermit-core",
      "link": true
    },
    "node_modules/Kermit-kermit-core-test": {
      "resolved": "packages/Kermit-kermit-core-test",
      "link": true
    },
    "node_modules/Kermit-kermit-koin": {
      "resolved": "packages/Kermit-kermit-koin",
      "link": true
    },
    "node_modules/Kermit-kermit-koin-test": {
      "resolved": "packages/Kermit-kermit-koin-test",
      "link": true
    },
    "node_modules/Kermit-kermit-ktor": {
      "resolved": "packages/Kermit-kermit-ktor",
      "link": true
    },
    "node_modules/Kermit-kermit-ktor-test": {
      "resolved": "packages/Kermit-kermit-ktor-test",
      "link": true
    },
    "node_modules/Kermit-kermit-simple": {
      "resolved": "packages/Kermit-kermit-simple",
      "link": true
    },
    "node_modules/Kermit-kermit-simple-test": {
      "resolved": "packages/Kermit-kermit-simple-test",
      "link": true
    },
    "node_modules/Kermit-kermit-test": {
      "resolved": "packages/Kermit-kermit-test",
      "link": true
    },
    "node_modules/Kermit-kermit-test-test": {
      "resolved": "packages/Kermit-kermit-test-test",
      "link": true
    },
    "node_modules/ktor-ktor-client-core-wasm-js": {
      "resolved": "packages_imported/ktor-ktor-client-core-wasm-js/3.2.3",
      "link": true
    },
    "packages_imported/ktor-ktor-client-core-wasm-js/3.2.3": {
      "version": "3.2.3",
      "dependencies": {
        "ws": "8.18.0"
      },
      "devDependencies": {}
    },
    "packages_imported/ktor-ktor-client-core-wasm-js/3.2.3/node_modules/ws": {
      "version": "8.18.0",
      "resolved": "https://registry.npmjs.org/ws/-/ws-8.18.0.tgz",
      "integrity": "sha512-8VbfWfHLbbwu3+N6OKsOMpBdT4kXPDDB9cJk2bJ6mh9ucxdlnNvH1e+roYkKmN9Nxw2yjz7VzeO9oOz2zJ04Pw==",
      "engines": {
        "node": ">=10.0.0"
      },
      "peerDependencies": {
        "bufferutil": "^4.0.1",
        "utf-8-validate": ">=5.0.2"
      },
      "peerDependenciesMeta": {
        "bufferutil": {
          "optional": true
        },
        "utf-8-validate": {
          "optional": true
        }
      }
    },
    "packages_imported/ktor-ktor-client-core/3.3.1": {
      "name": "ktor-ktor-client-core",
      "version": "3.3.1",
      "extraneous": true,
      "dependencies": {
        "ws": "8.18.3"
      },
      "devDependencies": {}
    },
    "packages/Kermit-kermit": {
      "version": "2.0.8",
      "devDependencies": {}
    },
    "packages/Kermit-kermit-core": {
      "version": "2.0.8",
      "devDependencies": {}
    },
    "packages/Kermit-kermit-core-test": {
      "version": "2.0.8",
      "devDependencies": {}
    },
    "packages/Kermit-kermit-koin": {
      "version": "2.0.8",
      "devDependencies": {}
    },
    "packages/Kermit-kermit-koin-test": {
      "version": "2.0.8",
      "devDependencies": {}
    },
    "packages/Kermit-kermit-ktor": {
      "version": "2.0.8",
      "dependencies": {
        "ws": "8.18.0"
      },
      "devDependencies": {}
    },
    "packages/Kermit-kermit-ktor-test": {
      "version": "2.0.8",
      "dependencies": {
        "ws": "8.18.0"
      },
      "devDependencies": {}
    },
    "packages/Kermit-kermit-ktor-test/node_modules/ws": {
      "version": "8.18.0",
      "resolved": "https://registry.npmjs.org/ws/-/ws-8.18.0.tgz",
      "integrity": "sha512-8VbfWfHLbbwu3+N6OKsOMpBdT4kXPDDB9cJk2bJ6mh9ucxdlnNvH1e+roYkKmN9Nxw2yjz7VzeO9oOz2zJ04Pw==",
      "engines": {
        "node": ">=10.0.0"
      },
      "peerDependencies": {
        "bufferutil": "^4.0.1",
        "utf-8-validate": ">=5.0.2"
      },
      "peerDependenciesMeta": {
        "bufferutil": {
          "optional": true
        },
        "utf-8-validate": {
          "optional": true
        }
      }
    },
    "packages/Kermit-kermit-ktor/node_modules/ws": {
      "version": "8.18.0",
      "resolved": "https://registry.npmjs.org/ws/-/ws-8.18.0.tgz",
      "integrity": "sha512-8VbfWfHLbbwu3+N6OKsOMpBdT4kXPDDB9cJk2bJ6mh9ucxdlnNvH1e+roYkKmN9Nxw2yjz7VzeO9oOz2zJ04Pw==",
      "engines": {
        "node": ">=10.0.0"
      },
      "peerDependencies": {
        "bufferutil": "^4.0.1",
        "utf-8-validate": ">=5.0.2"
      },
      "peerDependenciesMeta": {
        "bufferutil": {
          "optional": true
        },
        "utf-8-validate": {
          "optional": true
        }
      }
    },
    "packages/Kermit-kermit-simple": {
      "version": "2.0.8",
      "devDependencies": {}
    },
    "packages/Kermit-kermit-simple-test": {
      "version": "2.0.8",
      "devDependencies": {}
    },
    "packages/Kermit-kermit-test": {
      "version": "2.0.8",
      "devDependencies": {}
    },
    "packages/Kermit-kermit-test-test": {
      "version": "2.0.8",
      "devDependencies": {}
    }
  }
}
