{
  "name": "Kermit",
  "version": "2.0.7",
  "lockfileVersion": 3,
  "requires": true,
  "packages": {
    "": {
      "name": "Kermit",
      "version": "2.0.7",
      "workspaces": [
        "packages/Kermit-kermit",
        "packages/Kermit-kermit-test",
        "packages/Kermit-kermit-core",
        "packages/Kermit-kermit-core-test",
        "packages/Kermit-kermit-koin",
        "packages/Kermit-kermit-koin-test",
        "packages/Kermit-kermit-simple",
        "packages/Kermit-kermit-simple-test",
        "packages/Kermit-kermit-test",
        "packages/Kermit-kermit-test-test"
      ],
      "devDependencies": {}
    },
    "node_modules/Kermit-kermit": {
      "resolved": "packages/Kermit-kermit",
      "link": true
    },
    "node_modules/Kermit-kermit-core": {
      "resolved": "packages/Kermit-kermit-core",
      "link": true
    },
    "node_modules/Kermit-kermit-core-test": {
      "resolved": "packages/Kermit-kermit-core-test",
      "link": true
    },
    "node_modules/Kermit-kermit-koin": {
      "resolved": "packages/Kermit-kermit-koin",
      "link": true
    },
    "node_modules/Kermit-kermit-koin-test": {
      "resolved": "packages/Kermit-kermit-koin-test",
      "link": true
    },
    "node_modules/Kermit-kermit-simple": {
      "resolved": "packages/Kermit-kermit-simple",
      "link": true
    },
    "node_modules/Kermit-kermit-simple-test": {
      "resolved": "packages/Kermit-kermit-simple-test",
      "link": true
    },
    "node_modules/Kermit-kermit-test": {
      "resolved": "packages/Kermit-kermit-test",
      "link": true
    },
    "node_modules/Kermit-kermit-test-test": {
      "resolved": "packages/Kermit-kermit-test-test",
      "link": true
    },
    "packages/Kermit-kermit": {
      "version": "2.0.7",
      "devDependencies": {}
    },
    "packages/Kermit-kermit-core": {
      "version": "2.0.7",
      "devDependencies": {}
    },
    "packages/Kermit-kermit-core-test": {
      "version": "2.0.7",
      "devDependencies": {}
    },
    "packages/Kermit-kermit-koin": {
      "version": "2.0.7",
      "devDependencies": {}
    },
    "packages/Kermit-kermit-koin-test": {
      "version": "2.0.7",
      "devDependencies": {}
    },
    "packages/Kermit-kermit-simple": {
      "version": "2.0.7",
      "devDependencies": {}
    },
    "packages/Kermit-kermit-simple-test": {
      "version": "2.0.7",
      "devDependencies": {}
    },
    "packages/Kermit-kermit-test": {
      "version": "2.0.7",
      "devDependencies": {}
    },
    "packages/Kermit-kermit-test-test": {
      "version": "2.0.7",
      "devDependencies": {}
    }
  }
}
